<?xml version="1.0" encoding="utf-8"?>
<Project ToolsVersion="4.0" xmlns="http://schemas.microsoft.com/developer/msbuild/2003">
  <ItemGroup>
    <Filter Include="Source Files">
      <UniqueIdentifier>{4FC737F1-C7A5-4376-A066-2A32D752A2FF}</UniqueIdentifier>
      <Extensions>cpp;c;cc;cxx;def;odl;idl;hpj;bat;asm;asmx</Extensions>
    </Filter>
    <Filter Include="Resources">
      <UniqueIdentifier>{d66730ac-8d07-456a-bf11-442d9bbfabba}</UniqueIdentifier>
    </Filter>
    <Filter Include="Source Files\model_spaces">
      <UniqueIdentifier>{c911d26c-eee0-4ef1-aca7-a7c01f116121}</UniqueIdentifier>
    </Filter>
    <Filter Include="Source Files\test">
      <UniqueIdentifier>{05f42d06-de00-46a1-abe1-6de2ee6f035d}</UniqueIdentifier>
    </Filter>
  </ItemGroup>
  <ItemGroup>
    <ClCompile Include="src\ply_reader.cpp">
      <Filter>Source Files</Filter>
    </ClCompile>
    <ClCompile Include="src\tga_saver.cpp">
      <Filter>Source Files</Filter>
    </ClCompile>
    <ClCompile Include="src\model_spaces\BruteForce.cpp">
      <Filter>Source Files\model_spaces</Filter>
    </ClCompile>
    <ClCompile Include="src\Main.cpp">
      <Filter>Source Files</Filter>
    </ClCompile>
    <ClCompile Include="src\PixBuffer.cpp">
      <Filter>Source Files</Filter>
    </ClCompile>
    <ClCompile Include="src\Barycentric.cpp">
      <Filter>Source Files</Filter>
    </ClCompile>
    <ClCompile Include="src\model_spaces\AvgNormalCalculator.cpp">
      <Filter>Source Files\model_spaces</Filter>
    </ClCompile>
    <ClCompile Include="src\Renderer.cpp">
      <Filter>Source Files</Filter>
    </ClCompile>
    <ClCompile Include="src\test\TestOutput.cpp">
      <Filter>Source Files\test</Filter>
    </ClCompile>
    <ClCompile Include="src\model_spaces\KDTree.cpp">
      <Filter>Source Files\model_spaces</Filter>
    </ClCompile>
  </ItemGroup>
  <ItemGroup>
    <ClInclude Include="src\ply_reader.h">
      <Filter>Source Files</Filter>
    </ClInclude>
    <ClInclude Include="src\tga_saver.h">
      <Filter>Source Files</Filter>
    </ClInclude>
    <ClInclude Include="src\model_spaces\BruteForce.h">
      <Filter>Source Files\model_spaces</Filter>
    </ClInclude>
    <ClInclude Include="src\PixBuffer.h">
      <Filter>Source Files</Filter>
    </ClInclude>
    <ClInclude Include="src\Profiler.h">
      <Filter>Source Files</Filter>
    </ClInclude>
    <ClInclude Include="src\Utils.h">
      <Filter>Source Files</Filter>
    </ClInclude>
    <ClInclude Include="src\Vector.h">
      <Filter>Source Files</Filter>
    </ClInclude>
    <ClInclude Include="src\model_spaces\IModelSpace.h">
      <Filter>Source Files\model_spaces</Filter>
    </ClInclude>
    <ClInclude Include="src\MathUtil.h">
      <Filter>Source Files</Filter>
    </ClInclude>
    <ClInclude Include="src\Barycentric.h">
      <Filter>Source Files</Filter>
    </ClInclude>
    <ClInclude Include="src\Config.h">
      <Filter>Source Files</Filter>
    </ClInclude>
    <ClInclude Include="src\model_spaces\AvgNormalCalculator.h">
      <Filter>Source Files\model_spaces</Filter>
    </ClInclude>
    <ClInclude Include="src\Face.h">
      <Filter>Source Files</Filter>
    </ClInclude>
    <ClInclude Include="src\Collision.h">
      <Filter>Source Files</Filter>
    </ClInclude>
    <ClInclude Include="src\Vertex.h">
      <Filter>Source Files</Filter>
    </ClInclude>
    <ClInclude Include="src\Ray.h">
      <Filter>Source Files</Filter>
    </ClInclude>
    <ClInclude Include="src\BoundingBox.h">
      <Filter>Source Files</Filter>
    </ClInclude>
    <ClInclude Include="src\Renderer.h">
      <Filter>Source Files</Filter>
    </ClInclude>
    <ClInclude Include="src\test\TestCase.h">
      <Filter>Source Files\test</Filter>
    </ClInclude>
    <ClInclude Include="src\test\TestOutput.h">
      <Filter>Source Files\test</Filter>
    </ClInclude>
    <ClInclude Include="src\model_spaces\KDTree.h">
      <Filter>Source Files\model_spaces</Filter>
    </ClInclude>
  </ItemGroup>
  <ItemGroup>
    <None Include="src\sample_render.tga">
      <Filter>Resources</Filter>
    </None>
    <None Include="output\result.tga">
      <Filter>Resources</Filter>
    </None>
  </ItemGroup>
  <ItemGroup>
    <Text Include="src\readme.txt">
      <Filter>Resources</Filter>
    </Text>
  </ItemGroup>
</Project>